
Microsoft Visual Studio Solution File, Format Version 12.00
# Visual Studio Version 17
VisualStudioVersion = 17.6.33723.286
MinimumVisualStudioVersion = 10.0.40219.1
Project("{FAE04EC0-301F-11D3-BF4B-00C04F79EFBC}") = "Battleships.App", "Battleships.App\Battleships.App.csproj", "{079A3675-9DFA-4E32-8502-4AF8F76B2BAA}"
EndProject
Project("{FAE04EC0-301F-11D3-BF4B-00C04F79EFBC}") = "Battleships.Core", "Battleships.Core\Battleships.Core.csproj", "{89A70C57-6FF2-43D3-A85F-E485D54339CA}"
EndProject
Global
	GlobalSection(SolutionConfigurationPlatforms) = preSolution
		Debug|Any CPU = Debug|Any CPU
		Release|Any CPU = Release|Any CPU
	EndGlobalSection
	GlobalSection(ProjectConfigurationPlatforms) = postSolution
		{079A3675-9DFA-4E32-8502-4AF8F76B2BAA}.Debug|Any CPU.ActiveCfg = Debug|Any CPU
		{079A3675-9DFA-4E32-8502-4AF8F76B2BAA}.Debug|Any CPU.Build.0 = Debug|Any CPU
		{079A3675-9DFA-4E32-8502-4AF8F76B2BAA}.Release|Any CPU.ActiveCfg = Release|Any CPU
		{079A3675-9DFA-4E32-8502-4AF8F76B2BAA}.Release|Any CPU.Build.0 = Release|Any CPU
		{89A70C57-6FF2-43D3-A85F-E485D54339CA}.Debug|Any CPU.ActiveCfg = Debug|Any CPU
		{89A70C57-6FF2-43D3-A85F-E485D54339CA}.Debug|Any CPU.Build.0 = Debug|Any CPU
		{89A70C57-6FF2-43D3-A85F-E485D54339CA}.Release|Any CPU.ActiveCfg = Release|Any CPU
		{89A70C57-6FF2-43D3-A85F-E485D54339CA}.Release|Any CPU.Build.0 = Release|Any CPU
	EndGlobalSection
	GlobalSection(SolutionProperties) = preSolution
		HideSolutionNode = FALSE
	EndGlobalSection
	GlobalSection(ExtensibilityGlobals) = postSolution
		SolutionGuid = {DFBD3CEA-11EC-4159-84DE-B72F4F36D49D}
	EndGlobalSection
EndGlobal
